// !$*UTF8*$!
{
	archiveVersion = 1;
	classes = {
	};
	objectVersion = 70;
	objects = {

/* Begin PBXBuildFile section */
		94565FD02C4F2471007E8DFD /* go-comic-converter-intel in Resources */ = {isa = PBXBuildFile; fileRef = 94565FCF2C4F2471007E8DFD /* go-comic-converter-intel */; };
		9463018F2C48369600A4E2EE /* Comic2BooksApp.swift in Sources */ = {isa = PBXBuildFile; fileRef = 9463018E2C48369600A4E2EE /* Comic2BooksApp.swift */; };
		946301932C48369700A4E2EE /* Assets.xcassets in Resources */ = {isa = PBXBuildFile; fileRef = 946301922C48369700A4E2EE /* Assets.xcassets */; };
		946301962C48369700A4E2EE /* Preview Assets.xcassets in Resources */ = {isa = PBXBuildFile; fileRef = 946301952C48369700A4E2EE /* Preview Assets.xcassets */; };
		946301A62C48842000A4E2EE /* UTType+Extensions.swift in Sources */ = {isa = PBXBuildFile; fileRef = 946301A52C48842000A4E2EE /* UTType+Extensions.swift */; };
		946301A92C488C0D00A4E2EE /* Comic.swift in Sources */ = {isa = PBXBuildFile; fileRef = 946301A82C488C0D00A4E2EE /* Comic.swift */; };
		946B0C582C491CD900A56434 /* EPUBRequest.swift in Sources */ = {isa = PBXBuildFile; fileRef = 946B0C572C491CD900A56434 /* EPUBRequest.swift */; };
		946B0C5E2C49470C00A56434 /* Device.swift in Sources */ = {isa = PBXBuildFile; fileRef = 946B0C5D2C49470C00A56434 /* Device.swift */; };
		946EB08C2C4D30EF00EE4044 /* Algorithms in Frameworks */ = {isa = PBXBuildFile; productRef = 946EB08B2C4D30EF00EE4044 /* Algorithms */; };
		947610302E7ED2E0008DBA2C /* EPUBConverter.swift in Sources */ = {isa = PBXBuildFile; fileRef = 9476102F2E7ED2D9008DBA2C /* EPUBConverter.swift */; };
		947610362E7EDE34008DBA2C /* go-comic-converter-silicon in Resources */ = {isa = PBXBuildFile; fileRef = 947610352E7EDE34008DBA2C /* go-comic-converter-silicon */; };
		947610382E7EF669008DBA2C /* AppIcon.icon in Resources */ = {isa = PBXBuildFile; fileRef = 947610372E7EF669008DBA2C /* AppIcon.icon */; };
		94DA0ED42C4A455B0036F34F /* AppState.swift in Sources */ = {isa = PBXBuildFile; fileRef = 94DA0ED32C4A455B0036F34F /* AppState.swift */; };
/* End PBXBuildFile section */

/* Begin PBXFileReference section */
		94565FCF2C4F2471007E8DFD /* go-comic-converter-intel */ = {isa = PBXFileReference; lastKnownFileType = "compiled.mach-o.executable"; path = "go-comic-converter-intel"; sourceTree = "<group>"; };
		9463018B2C48369600A4E2EE /* Comic2Books.app */ = {isa = PBXFileReference; explicitFileType = wrapper.application; includeInIndex = 0; path = Comic2Books.app; sourceTree = BUILT_PRODUCTS_DIR; };
		9463018E2C48369600A4E2EE /* Comic2BooksApp.swift */ = {isa = PBXFileReference; lastKnownFileType = sourcecode.swift; path = Comic2BooksApp.swift; sourceTree = "<group>"; };
		946301922C48369700A4E2EE /* Assets.xcassets */ = {isa = PBXFileReference; lastKnownFileType = folder.assetcatalog; path = Assets.xcassets; sourceTree = "<group>"; };
		946301952C48369700A4E2EE /* Preview Assets.xcassets */ = {isa = PBXFileReference; lastKnownFileType = folder.assetcatalog; path = "Preview Assets.xcassets"; sourceTree = "<group>"; };
		946301972C48369700A4E2EE /* Comic2Books.entitlements */ = {isa = PBXFileReference; lastKnownFileType = text.plist.entitlements; path = Comic2Books.entitlements; sourceTree = "<group>"; };
		946301A52C48842000A4E2EE /* UTType+Extensions.swift */ = {isa = PBXFileReference; lastKnownFileType = sourcecode.swift; path = "UTType+Extensions.swift"; sourceTree = "<group>"; };
		946301A82C488C0D00A4E2EE /* Comic.swift */ = {isa = PBXFileReference; lastKnownFileType = sourcecode.swift; path = Comic.swift; sourceTree = "<group>"; };
		946B0C572C491CD900A56434 /* EPUBRequest.swift */ = {isa = PBXFileReference; lastKnownFileType = sourcecode.swift; path = EPUBRequest.swift; sourceTree = "<group>"; };
		946B0C5D2C49470C00A56434 /* Device.swift */ = {isa = PBXFileReference; lastKnownFileType = sourcecode.swift; path = Device.swift; sourceTree = "<group>"; };
		9476102F2E7ED2D9008DBA2C /* EPUBConverter.swift */ = {isa = PBXFileReference; lastKnownFileType = sourcecode.swift; path = EPUBConverter.swift; sourceTree = "<group>"; };
		947610352E7EDE34008DBA2C /* go-comic-converter-silicon */ = {isa = PBXFileReference; lastKnownFileType = "compiled.mach-o.executable"; path = "go-comic-converter-silicon"; sourceTree = "<group>"; };
		947610372E7EF669008DBA2C /* AppIcon.icon */ = {isa = PBXFileReference; lastKnownFileType = folder.iconcomposer.icon; path = AppIcon.icon; sourceTree = "<group>"; };
		94DA0ED32C4A455B0036F34F /* AppState.swift */ = {isa = PBXFileReference; lastKnownFileType = sourcecode.swift; path = AppState.swift; sourceTree = "<group>"; };
/* End PBXFileReference section */

/* Begin PBXFileSystemSynchronizedRootGroup section */
		947610252E7EAD54008DBA2C /* Converter */ = {isa = PBXFileSystemSynchronizedRootGroup; explicitFileTypes = {}; explicitFolders = (); path = Converter; sourceTree = "<group>"; };
		947610312E7ED98C008DBA2C /* Exporter */ = {isa = PBXFileSystemSynchronizedRootGroup; explicitFileTypes = {}; explicitFolders = (); path = Exporter; sourceTree = "<group>"; };
/* End PBXFileSystemSynchronizedRootGroup section */

/* Begin PBXFrameworksBuildPhase section */
		946301882C48369600A4E2EE /* Frameworks */ = {
			isa = PBXFrameworksBuildPhase;
			buildActionMask = 2147483647;
			files = (
				946EB08C2C4D30EF00EE4044 /* Algorithms in Frameworks */,
			);
			runOnlyForDeploymentPostprocessing = 0;
		};
/* End PBXFrameworksBuildPhase section */

/* Begin PBXGroup section */
		946301822C48369600A4E2EE = {
			isa = PBXGroup;
			children = (
				9463018D2C48369600A4E2EE /* Comic2Books */,
				9463018C2C48369600A4E2EE /* Products */,
				946301A42C487FF000A4E2EE /* Frameworks */,
				947610372E7EF669008DBA2C /* AppIcon.icon */,
			);
			sourceTree = "<group>";
		};
		9463018C2C48369600A4E2EE /* Products */ = {
			isa = PBXGroup;
			children = (
				9463018B2C48369600A4E2EE /* Comic2Books.app */,
			);
			name = Products;
			sourceTree = "<group>";
		};
		9463018D2C48369600A4E2EE /* Comic2Books */ = {
			isa = PBXGroup;
			children = (
				946301972C48369700A4E2EE /* Comic2Books.entitlements */,
				946301922C48369700A4E2EE /* Assets.xcassets */,
				946301A02C487DB800A4E2EE /* App */,
				946301942C48369700A4E2EE /* Preview Content */,
				946301A12C487DC800A4E2EE /* Scripts */,
			);
			path = Comic2Books;
			sourceTree = "<group>";
		};
		946301942C48369700A4E2EE /* Preview Content */ = {
			isa = PBXGroup;
			children = (
				946301952C48369700A4E2EE /* Preview Assets.xcassets */,
			);
			path = "Preview Content";
			sourceTree = "<group>";
		};
		946301A02C487DB800A4E2EE /* App */ = {
			isa = PBXGroup;
			children = (
				94DA0ED32C4A455B0036F34F /* AppState.swift */,
				9463018E2C48369600A4E2EE /* Comic2BooksApp.swift */,
				9476102F2E7ED2D9008DBA2C /* EPUBConverter.swift */,
				947610252E7EAD54008DBA2C /* Converter */,
				947610312E7ED98C008DBA2C /* Exporter */,
				946EB0902C4D7E0500EE4044 /* Extensions */,
				946301A72C488C0200A4E2EE /* Models */,
			);
			path = App;
			sourceTree = "<group>";
		};
		946301A12C487DC800A4E2EE /* Scripts */ = {
			isa = PBXGroup;
			children = (
				947610352E7EDE34008DBA2C /* go-comic-converter-silicon */,
				94565FCF2C4F2471007E8DFD /* go-comic-converter-intel */,
			);
			path = Scripts;
			sourceTree = "<group>";
		};
		946301A42C487FF000A4E2EE /* Frameworks */ = {
			isa = PBXGroup;
			children = (
			);
			name = Frameworks;
			sourceTree = "<group>";
		};
		946301A72C488C0200A4E2EE /* Models */ = {
			isa = PBXGroup;
			children = (
				946301A82C488C0D00A4E2EE /* Comic.swift */,
				946B0C572C491CD900A56434 /* EPUBRequest.swift */,
				946B0C5D2C49470C00A56434 /* Device.swift */,
			);
			path = Models;
			sourceTree = "<group>";
		};
		946EB0902C4D7E0500EE4044 /* Extensions */ = {
			isa = PBXGroup;
			children = (
				946301A52C48842000A4E2EE /* UTType+Extensions.swift */,
			);
			path = Extensions;
			sourceTree = "<group>";
		};
/* End PBXGroup section */

/* Begin PBXNativeTarget section */
		9463018A2C48369600A4E2EE /* Comic2Books */ = {
			isa = PBXNativeTarget;
			buildConfigurationList = 9463019A2C48369700A4E2EE /* Build configuration list for PBXNativeTarget "Comic2Books" */;
			buildPhases = (
				946301872C48369600A4E2EE /* Sources */,
				946301882C48369600A4E2EE /* Frameworks */,
				946301892C48369600A4E2EE /* Resources */,
			);
			buildRules = (
			);
			dependencies = (
			);
			fileSystemSynchronizedGroups = (
				947610252E7EAD54008DBA2C /* Converter */,
				947610312E7ED98C008DBA2C /* Exporter */,
			);
			name = Comic2Books;
			packageProductDependencies = (
				946EB08B2C4D30EF00EE4044 /* Algorithms */,
			);
			productName = Comic2Books;
			productReference = 9463018B2C48369600A4E2EE /* Comic2Books.app */;
			productType = "com.apple.product-type.application";
		};
/* End PBXNativeTarget section */

/* Begin PBXProject section */
		946301832C48369600A4E2EE /* Project object */ = {
			isa = PBXProject;
			attributes = {
				BuildIndependentTargetsInParallel = 1;
				LastSwiftUpdateCheck = 1540;
				LastUpgradeCheck = 1540;
				TargetAttributes = {
					9463018A2C48369600A4E2EE = {
						CreatedOnToolsVersion = 15.4;
					};
				};
			};
			buildConfigurationList = 946301862C48369600A4E2EE /* Build configuration list for PBXProject "Comic2Books" */;
			compatibilityVersion = "Xcode 14.0";
			developmentRegion = en;
			hasScannedForEncodings = 0;
			knownRegions = (
				en,
				Base,
			);
			mainGroup = 946301822C48369600A4E2EE;
			packageReferences = (
				946EB08A2C4D30EF00EE4044 /* XCRemoteSwiftPackageReference "swift-algorithms" */,
			);
			productRefGroup = 9463018C2C48369600A4E2EE /* Products */;
			projectDirPath = "";
			projectRoot = "";
			targets = (
				9463018A2C48369600A4E2EE /* Comic2Books */,
			);
		};
/* End PBXProject section */

/* Begin PBXResourcesBuildPhase section */
		946301892C48369600A4E2EE /* Resources */ = {
			isa = PBXResourcesBuildPhase;
			buildActionMask = 2147483647;
			files = (
				94565FD02C4F2471007E8DFD /* go-comic-converter-intel in Resources */,
				946301962C48369700A4E2EE /* Preview Assets.xcassets in Resources */,
				947610382E7EF669008DBA2C /* AppIcon.icon in Resources */,
				946301932C48369700A4E2EE /* Assets.xcassets in Resources */,
				947610362E7EDE34008DBA2C /* go-comic-converter-silicon in Resources */,
			);
			runOnlyForDeploymentPostprocessing = 0;
		};
/* End PBXResourcesBuildPhase section */

/* Begin PBXSourcesBuildPhase section */
		946301872C48369600A4E2EE /* Sources */ = {
			isa = PBXSourcesBuildPhase;
			buildActionMask = 2147483647;
			files = (
				947610302E7ED2E0008DBA2C /* EPUBConverter.swift in Sources */,
				946B0C582C491CD900A56434 /* EPUBRequest.swift in Sources */,
				946B0C5E2C49470C00A56434 /* Device.swift in Sources */,
				946301A62C48842000A4E2EE /* UTType+Extensions.swift in Sources */,
				94DA0ED42C4A455B0036F34F /* AppState.swift in Sources */,
				946301A92C488C0D00A4E2EE /* Comic.swift in Sources */,
				9463018F2C48369600A4E2EE /* Comic2BooksApp.swift in Sources */,
			);
			runOnlyForDeploymentPostprocessing = 0;
		};
/* End PBXSourcesBuildPhase section */

/* Begin XCBuildConfiguration section */
		946301982C48369700A4E2EE /* Debug */ = {
			isa = XCBuildConfiguration;
			buildSettings = {
				ALWAYS_SEARCH_USER_PATHS = NO;
				ASSETCATALOG_COMPILER_GENERATE_SWIFT_ASSET_SYMBOL_EXTENSIONS = YES;
				CLANG_ANALYZER_NONNULL = YES;
				CLANG_ANALYZER_NUMBER_OBJECT_CONVERSION = YES_AGGRESSIVE;
				CLANG_CXX_LANGUAGE_STANDARD = "gnu++20";
				CLANG_ENABLE_MODULES = YES;
				CLANG_ENABLE_OBJC_ARC = YES;
				CLANG_ENABLE_OBJC_WEAK = YES;
				CLANG_WARN_BLOCK_CAPTURE_AUTORELEASING = YES;
				CLANG_WARN_BOOL_CONVERSION = YES;
				CLANG_WARN_COMMA = YES;
				CLANG_WARN_CONSTANT_CONVERSION = YES;
				CLANG_WARN_DEPRECATED_OBJC_IMPLEMENTATIONS = YES;
				CLANG_WARN_DIRECT_OBJC_ISA_USAGE = YES_ERROR;
				CLANG_WARN_DOCUMENTATION_COMMENTS = YES;
				CLANG_WARN_EMPTY_BODY = YES;
				CLANG_WARN_ENUM_CONVERSION = YES;
				CLANG_WARN_INFINITE_RECURSION = YES;
				CLANG_WARN_INT_CONVERSION = YES;
				CLANG_WARN_NON_LITERAL_NULL_CONVERSION = YES;
				CLANG_WARN_OBJC_IMPLICIT_RETAIN_SELF = YES;
				CLANG_WARN_OBJC_LITERAL_CONVERSION = YES;
				CLANG_WARN_OBJC_ROOT_CLASS = YES_ERROR;
				CLANG_WARN_QUOTED_INCLUDE_IN_FRAMEWORK_HEADER = YES;
				CLANG_WARN_RANGE_LOOP_ANALYSIS = YES;
				CLANG_WARN_STRICT_PROTOTYPES = YES;
				CLANG_WARN_SUSPICIOUS_MOVE = YES;
				CLANG_WARN_UNGUARDED_AVAILABILITY = YES_AGGRESSIVE;
				CLANG_WARN_UNREACHABLE_CODE = YES;
				CLANG_WARN__DUPLICATE_METHOD_MATCH = YES;
				COPY_PHASE_STRIP = NO;
				DEBUG_INFORMATION_FORMAT = dwarf;
				ENABLE_STRICT_OBJC_MSGSEND = YES;
				ENABLE_TESTABILITY = YES;
				ENABLE_USER_SCRIPT_SANDBOXING = YES;
				GCC_C_LANGUAGE_STANDARD = gnu17;
				GCC_DYNAMIC_NO_PIC = NO;
				GCC_NO_COMMON_BLOCKS = YES;
				GCC_OPTIMIZATION_LEVEL = 0;
				GCC_PREPROCESSOR_DEFINITIONS = (
					"DEBUG=1",
					"$(inherited)",
				);
				GCC_WARN_64_TO_32_BIT_CONVERSION = YES;
				GCC_WARN_ABOUT_RETURN_TYPE = YES_ERROR;
				GCC_WARN_UNDECLARED_SELECTOR = YES;
				GCC_WARN_UNINITIALIZED_AUTOS = YES_AGGRESSIVE;
				GCC_WARN_UNUSED_FUNCTION = YES;
				GCC_WARN_UNUSED_VARIABLE = YES;
				LOCALIZATION_PREFERS_STRING_CATALOGS = YES;
				MACOSX_DEPLOYMENT_TARGET = 14.5;
				MTL_ENABLE_DEBUG_INFO = INCLUDE_SOURCE;
				MTL_FAST_MATH = YES;
				ONLY_ACTIVE_ARCH = YES;
				SDKROOT = macosx;
				SWIFT_ACTIVE_COMPILATION_CONDITIONS = "DEBUG $(inherited)";
				SWIFT_OPTIMIZATION_LEVEL = "-Onone";
			};
			name = Debug;
		};
		946301992C48369700A4E2EE /* Release */ = {
			isa = XCBuildConfiguration;
			buildSettings = {
				ALWAYS_SEARCH_USER_PATHS = NO;
				ASSETCATALOG_COMPILER_GENERATE_SWIFT_ASSET_SYMBOL_EXTENSIONS = YES;
				CLANG_ANALYZER_NONNULL = YES;
				CLANG_ANALYZER_NUMBER_OBJECT_CONVERSION = YES_AGGRESSIVE;
				CLANG_CXX_LANGUAGE_STANDARD = "gnu++20";
				CLANG_ENABLE_MODULES = YES;
				CLANG_ENABLE_OBJC_ARC = YES;
				CLANG_ENABLE_OBJC_WEAK = YES;
				CLANG_WARN_BLOCK_CAPTURE_AUTORELEASING = YES;
				CLANG_WARN_BOOL_CONVERSION = YES;
				CLANG_WARN_COMMA = YES;
				CLANG_WARN_CONSTANT_CONVERSION = YES;
				CLANG_WARN_DEPRECATED_OBJC_IMPLEMENTATIONS = YES;
				CLANG_WARN_DIRECT_OBJC_ISA_USAGE = YES_ERROR;
				CLANG_WARN_DOCUMENTATION_COMMENTS = YES;
				CLANG_WARN_EMPTY_BODY = YES;
				CLANG_WARN_ENUM_CONVERSION = YES;
				CLANG_WARN_INFINITE_RECURSION = YES;
				CLANG_WARN_INT_CONVERSION = YES;
				CLANG_WARN_NON_LITERAL_NULL_CONVERSION = YES;
				CLANG_WARN_OBJC_IMPLICIT_RETAIN_SELF = YES;
				CLANG_WARN_OBJC_LITERAL_CONVERSION = YES;
				CLANG_WARN_OBJC_ROOT_CLASS = YES_ERROR;
				CLANG_WARN_QUOTED_INCLUDE_IN_FRAMEWORK_HEADER = YES;
				CLANG_WARN_RANGE_LOOP_ANALYSIS = YES;
				CLANG_WARN_STRICT_PROTOTYPES = YES;
				CLANG_WARN_SUSPICIOUS_MOVE = YES;
				CLANG_WARN_UNGUARDED_AVAILABILITY = YES_AGGRESSIVE;
				CLANG_WARN_UNREACHABLE_CODE = YES;
				CLANG_WARN__DUPLICATE_METHOD_MATCH = YES;
				COPY_PHASE_STRIP = NO;
				DEBUG_INFORMATION_FORMAT = "dwarf-with-dsym";
				ENABLE_NS_ASSERTIONS = NO;
				ENABLE_STRICT_OBJC_MSGSEND = YES;
				ENABLE_USER_SCRIPT_SANDBOXING = YES;
				GCC_C_LANGUAGE_STANDARD = gnu17;
				GCC_NO_COMMON_BLOCKS = YES;
				GCC_WARN_64_TO_32_BIT_CONVERSION = YES;
				GCC_WARN_ABOUT_RETURN_TYPE = YES_ERROR;
				GCC_WARN_UNDECLARED_SELECTOR = YES;
				GCC_WARN_UNINITIALIZED_AUTOS = YES_AGGRESSIVE;
				GCC_WARN_UNUSED_FUNCTION = YES;
				GCC_WARN_UNUSED_VARIABLE = YES;
				LOCALIZATION_PREFERS_STRING_CATALOGS = YES;
				MACOSX_DEPLOYMENT_TARGET = 14.5;
				MTL_ENABLE_DEBUG_INFO = NO;
				MTL_FAST_MATH = YES;
				SDKROOT = macosx;
				SWIFT_COMPILATION_MODE = wholemodule;
			};
			name = Release;
		};
		9463019B2C48369700A4E2EE /* Debug */ = {
			isa = XCBuildConfiguration;
			buildSettings = {
				ASSETCATALOG_COMPILER_APPICON_NAME = AppIcon;
				ASSETCATALOG_COMPILER_GLOBAL_ACCENT_COLOR_NAME = AccentColor;
				ASSETCATALOG_COMPILER_INCLUDE_ALL_APPICON_ASSETS = YES;
				CODE_SIGN_ENTITLEMENTS = Comic2Books/Comic2Books.entitlements;
				CODE_SIGN_STYLE = Automatic;
				COMBINE_HIDPI_IMAGES = YES;
				CURRENT_PROJECT_VERSION = 1;
				DEVELOPMENT_ASSET_PATHS = "\"Comic2Books/Preview Content\"";
				DEVELOPMENT_TEAM = TMSFAM5H6N;
				ENABLE_APP_SANDBOX = YES;
				ENABLE_HARDENED_RUNTIME = YES;
				ENABLE_INCOMING_NETWORK_CONNECTIONS = NO;
				ENABLE_OUTGOING_NETWORK_CONNECTIONS = NO;
				ENABLE_PREVIEWS = YES;
				ENABLE_RESOURCE_ACCESS_AUDIO_INPUT = NO;
				ENABLE_RESOURCE_ACCESS_BLUETOOTH = NO;
				ENABLE_RESOURCE_ACCESS_CALENDARS = NO;
				ENABLE_RESOURCE_ACCESS_CAMERA = NO;
				ENABLE_RESOURCE_ACCESS_CONTACTS = NO;
				ENABLE_RESOURCE_ACCESS_LOCATION = NO;
				ENABLE_RESOURCE_ACCESS_PRINTING = NO;
				ENABLE_RESOURCE_ACCESS_USB = NO;
				ENABLE_USER_SELECTED_FILES = readwrite;
				GENERATE_INFOPLIST_FILE = YES;
				INFOPLIST_KEY_NSHumanReadableCopyright = "";
				LD_RUNPATH_SEARCH_PATHS = (
					"$(inherited)",
					"@executable_path/../Frameworks",
				);
				MACOSX_DEPLOYMENT_TARGET = 14.0;
				MARKETING_VERSION = 0.1;
				PRODUCT_BUNDLE_IDENTIFIER = me.manuelldidonna.Comic2Books;
				PRODUCT_NAME = "$(TARGET_NAME)";
				SWIFT_EMIT_LOC_STRINGS = YES;
				SWIFT_VERSION = 5.0;
			};
			name = Debug;
		};
		9463019C2C48369700A4E2EE /* Release */ = {
			isa = XCBuildConfiguration;
			buildSettings = {
				ASSETCATALOG_COMPILER_APPICON_NAME = AppIcon;
				ASSETCATALOG_COMPILER_GLOBAL_ACCENT_COLOR_NAME = AccentColor;
				ASSETCATALOG_COMPILER_INCLUDE_ALL_APPICON_ASSETS = YES;
				CODE_SIGN_ENTITLEMENTS = Comic2Books/Comic2Books.entitlements;
				CODE_SIGN_STYLE = Automatic;
				COMBINE_HIDPI_IMAGES = YES;
				CURRENT_PROJECT_VERSION = 1;
				DEVELOPMENT_ASSET_PATHS = "\"Comic2Books/Preview Content\"";
				DEVELOPMENT_TEAM = TMSFAM5H6N;
				ENABLE_APP_SANDBOX = YES;
				ENABLE_HARDENED_RUNTIME = YES;
				ENABLE_INCOMING_NETWORK_CONNECTIONS = NO;
				ENABLE_OUTGOING_NETWORK_CONNECTIONS = NO;
				ENABLE_PREVIEWS = YES;
				ENABLE_RESOURCE_ACCESS_AUDIO_INPUT = NO;
				ENABLE_RESOURCE_ACCESS_BLUETOOTH = NO;
				ENABLE_RESOURCE_ACCESS_CALENDARS = NO;
				ENABLE_RESOURCE_ACCESS_CAMERA = NO;
				ENABLE_RESOURCE_ACCESS_CONTACTS = NO;
				ENABLE_RESOURCE_ACCESS_LOCATION = NO;
				ENABLE_RESOURCE_ACCESS_PRINTING = NO;
				ENABLE_RESOURCE_ACCESS_USB = NO;
				ENABLE_USER_SELECTED_FILES = readwrite;
				GENERATE_INFOPLIST_FILE = YES;
				INFOPLIST_KEY_NSHumanReadableCopyright = "";
				LD_RUNPATH_SEARCH_PATHS = (
					"$(inherited)",
					"@executable_path/../Frameworks",
				);
				MACOSX_DEPLOYMENT_TARGET = 14.0;
				MARKETING_VERSION = 0.1;
				PRODUCT_BUNDLE_IDENTIFIER = me.manuelldidonna.Comic2Books;
				PRODUCT_NAME = "$(TARGET_NAME)";
				SWIFT_EMIT_LOC_STRINGS = YES;
				SWIFT_VERSION = 5.0;
			};
			name = Release;
		};
/* End XCBuildConfiguration section */

/* Begin XCConfigurationList section */
		946301862C48369600A4E2EE /* Build configuration list for PBXProject "Comic2Books" */ = {
			isa = XCConfigurationList;
			buildConfigurations = (
				946301982C48369700A4E2EE /* Debug */,
				946301992C48369700A4E2EE /* Release */,
			);
			defaultConfigurationIsVisible = 0;
			defaultConfigurationName = Release;
		};
		9463019A2C48369700A4E2EE /* Build configuration list for PBXNativeTarget "Comic2Books" */ = {
			isa = XCConfigurationList;
			buildConfigurations = (
				9463019B2C48369700A4E2EE /* Debug */,
				9463019C2C48369700A4E2EE /* Release */,
			);
			defaultConfigurationIsVisible = 0;
			defaultConfigurationName = Release;
		};
/* End XCConfigurationList section */

/* Begin XCRemoteSwiftPackageReference section */
		946EB08A2C4D30EF00EE4044 /* XCRemoteSwiftPackageReference "swift-algorithms" */ = {
			isa = XCRemoteSwiftPackageReference;
			repositoryURL = "https://github.com/apple/swift-algorithms.git";
			requirement = {
				kind = upToNextMajorVersion;
				minimumVersion = 1.2.0;
			};
		};
/* End XCRemoteSwiftPackageReference section */

/* Begin XCSwiftPackageProductDependency section */
		946EB08B2C4D30EF00EE4044 /* Algorithms */ = {
			isa = XCSwiftPackageProductDependency;
			package = 946EB08A2C4D30EF00EE4044 /* XCRemoteSwiftPackageReference "swift-algorithms" */;
			productName = Algorithms;
		};
/* End XCSwiftPackageProductDependency section */
	};
	rootObject = 946301832C48369600A4E2EE /* Project object */;
}
